{
    "version": 3,
    "terraform_version": "0.10.7",
    "serial": 14,
    "lineage": "8163909c-8003-4b44-aaba-a86e81d9e29c",
    "modules": [
        {
            "path": [
                "root"
            ],
            "outputs": {
                "ppr_url": {
                    "sensitive": false,
                    "type": "string",
                    "value": "https://bu0c5qo1yl.execute-api.eu-west-1.amazonaws.com/api"
                }
            },
            "resources": {
                "aws_api_gateway_deployment.example_deployment_ppr": {
                    "type": "aws_api_gateway_deployment",
                    "depends_on": [
                        "aws_api_gateway_integration.TestAPI-integration",
                        "aws_api_gateway_method.example_api_method",
                        "aws_api_gateway_rest_api.TestAPI"
                    ],
                    "primary": {
                        "id": "6kepe5",
                        "attributes": {
                            "created_date": "2017-10-26T16:28:57Z",
                            "description": "",
                            "execution_arn": "arn:aws:execute-api:eu-west-1:801774479614:bu0c5qo1yl/api",
                            "id": "6kepe5",
                            "invoke_url": "https://bu0c5qo1yl.execute-api.eu-west-1.amazonaws.com/api",
                            "rest_api_id": "bu0c5qo1yl",
                            "stage_name": "api"
                        },
                        "meta": {},
                        "tainted": false
                    },
                    "deposed": [],
                    "provider": ""
                },
                "aws_api_gateway_integration.TestAPI-integration": {
                    "type": "aws_api_gateway_integration",
                    "depends_on": [
                        "aws_api_gateway_method.GetMethod",
                        "aws_api_gateway_resource.TestAPIResource",
                        "aws_api_gateway_rest_api.TestAPI"
                    ],
                    "primary": {
                        "id": "agi-bu0c5qo1yl-fc8psf-POST",
                        "attributes": {
                            "cache_key_parameters.#": "0",
                            "cache_namespace": "fc8psf",
                            "http_method": "POST",
                            "id": "agi-bu0c5qo1yl-fc8psf-POST",
                            "integration_http_method": "POST",
                            "passthrough_behavior": "WHEN_NO_MATCH",
                            "request_parameters.%": "0",
                            "request_templates.%": "0",
                            "resource_id": "fc8psf",
                            "rest_api_id": "bu0c5qo1yl",
                            "type": "AWS",
                            "uri": "arn:aws:apigateway:eu-west-1:lambda:path/2015-03-31/functions/arn:aws:lambda:eu-west-1:801774479614:function:apex-test_goTest/invocations"
                        },
                        "meta": {},
                        "tainted": false
                    },
                    "deposed": [],
                    "provider": ""
                },
                "aws_api_gateway_integration_response.TestAPI-integrationresponse": {
                    "type": "aws_api_gateway_integration_response",
                    "depends_on": [
                        "aws_api_gateway_method.GetMethod",
                        "aws_api_gateway_method_response.200",
                        "aws_api_gateway_resource.TestAPIResource",
                        "aws_api_gateway_rest_api.TestAPI"
                    ],
                    "primary": {
                        "id": "agir-bu0c5qo1yl-fc8psf-POST-200",
                        "attributes": {
                            "http_method": "POST",
                            "id": "agir-bu0c5qo1yl-fc8psf-POST-200",
                            "resource_id": "fc8psf",
                            "response_parameters.%": "0",
                            "response_templates.%": "0",
                            "rest_api_id": "bu0c5qo1yl",
                            "selection_pattern": "",
                            "status_code": "200"
                        },
                        "meta": {},
                        "tainted": false
                    },
                    "deposed": [],
                    "provider": ""
                },
                "aws_api_gateway_method.GetMethod": {
                    "type": "aws_api_gateway_method",
                    "depends_on": [
                        "aws_api_gateway_resource.TestAPIResource",
                        "aws_api_gateway_rest_api.TestAPI"
                    ],
                    "primary": {
                        "id": "agm-bu0c5qo1yl-fc8psf-POST",
                        "attributes": {
                            "api_key_required": "false",
                            "authorization": "NONE",
                            "authorizer_id": "",
                            "http_method": "POST",
                            "id": "agm-bu0c5qo1yl-fc8psf-POST",
                            "request_models.%": "0",
                            "request_parameters.%": "0",
                            "request_validator_id": "",
                            "resource_id": "fc8psf",
                            "rest_api_id": "bu0c5qo1yl"
                        },
                        "meta": {},
                        "tainted": false
                    },
                    "deposed": [],
                    "provider": ""
                },
                "aws_api_gateway_method_response.200": {
                    "type": "aws_api_gateway_method_response",
                    "depends_on": [
                        "aws_api_gateway_method.GetMethod",
                        "aws_api_gateway_resource.TestAPIResource",
                        "aws_api_gateway_rest_api.TestAPI"
                    ],
                    "primary": {
                        "id": "agmr-bu0c5qo1yl-fc8psf-POST-200",
                        "attributes": {
                            "http_method": "POST",
                            "id": "agmr-bu0c5qo1yl-fc8psf-POST-200",
                            "resource_id": "fc8psf",
                            "response_models.%": "0",
                            "response_parameters.%": "0",
                            "rest_api_id": "bu0c5qo1yl",
                            "status_code": "200"
                        },
                        "meta": {},
                        "tainted": false
                    },
                    "deposed": [],
                    "provider": ""
                },
                "aws_api_gateway_resource.TestAPIResource": {
                    "type": "aws_api_gateway_resource",
                    "depends_on": [
                        "aws_api_gateway_rest_api.TestAPI"
                    ],
                    "primary": {
                        "id": "fc8psf",
                        "attributes": {
                            "id": "fc8psf",
                            "parent_id": "3ff68u73ad",
                            "path": "/test",
                            "path_part": "test",
                            "rest_api_id": "bu0c5qo1yl"
                        },
                        "meta": {},
                        "tainted": false
                    },
                    "deposed": [],
                    "provider": ""
                },
                "aws_api_gateway_rest_api.TestAPI": {
                    "type": "aws_api_gateway_rest_api",
                    "depends_on": [],
                    "primary": {
                        "id": "bu0c5qo1yl",
                        "attributes": {
                            "binary_media_types.#": "0",
                            "created_date": "2017-10-26T16:28:55Z",
                            "description": "Plugging goTest function to internet",
                            "id": "bu0c5qo1yl",
                            "name": "Test API",
                            "root_resource_id": "3ff68u73ad"
                        },
                        "meta": {},
                        "tainted": false
                    },
                    "deposed": [],
                    "provider": ""
                },
                "aws_lambda_permission.apigw_lambda": {
                    "type": "aws_lambda_permission",
                    "depends_on": [
                        "aws_api_gateway_method.GetMethod",
                        "aws_api_gateway_resource.TestAPIResource",
                        "aws_api_gateway_rest_api.TestAPI"
                    ],
                    "primary": {
                        "id": "AllowExecutionFromAPIGateway",
                        "attributes": {
                            "action": "lambda:InvokeFunction",
                            "function_name": "apex-test_goTest",
                            "id": "AllowExecutionFromAPIGateway",
                            "principal": "apigateway.amazonaws.com",
                            "qualifier": "",
                            "source_arn": "arn:aws:execute-api:eu-west-1:801774479614:bu0c5qo1yl/*/POST/test",
                            "statement_id": "AllowExecutionFromAPIGateway"
                        },
                        "meta": {},
                        "tainted": false
                    },
                    "deposed": [],
                    "provider": ""
                }
            },
            "depends_on": []
        }
    ]
}
